
Microsoft Visual Studio Solution File, Format Version 12.00
# Visual Studio Version 17
VisualStudioVersion = 17.4.33205.214
MinimumVisualStudioVersion = 10.0.40219.1
Project("{8BC9CEB8-8B4A-11D0-8D11-00A0C91BC942}") = "IDA_Class_Work_Lesson_8", "IDA_Class_Work_Lesson_8\IDA_Class_Work_Lesson_8.vcxproj", "{643C54E7-87A3-44E5-9CCE-86F9173B06F1}"
EndProject
Global
	GlobalSection(SolutionConfigurationPlatforms) = preSolution
		Debug|x64 = Debug|x64
		Debug|x86 = Debug|x86
		Release|x64 = Release|x64
		Release|x86 = Release|x86
	EndGlobalSection
	GlobalSection(ProjectConfigurationPlatforms) = postSolution
		{643C54E7-87A3-44E5-9CCE-86F9173B06F1}.Debug|x64.ActiveCfg = Debug|x64
		{643C54E7-87A3-44E5-9CCE-86F9173B06F1}.Debug|x64.Build.0 = Debug|x64
		{643C54E7-87A3-44E5-9CCE-86F9173B06F1}.Debug|x86.ActiveCfg = Debug|Win32
		{643C54E7-87A3-44E5-9CCE-86F9173B06F1}.Debug|x86.Build.0 = Debug|Win32
		{643C54E7-87A3-44E5-9CCE-86F9173B06F1}.Release|x64.ActiveCfg = Release|x64
		{643C54E7-87A3-44E5-9CCE-86F9173B06F1}.Release|x64.Build.0 = Release|x64
		{643C54E7-87A3-44E5-9CCE-86F9173B06F1}.Release|x86.ActiveCfg = Release|Win32
		{643C54E7-87A3-44E5-9CCE-86F9173B06F1}.Release|x86.Build.0 = Release|Win32
	EndGlobalSection
	GlobalSection(SolutionProperties) = preSolution
		HideSolutionNode = FALSE
	EndGlobalSection
	GlobalSection(ExtensibilityGlobals) = postSolution
		SolutionGuid = {1031D6CE-230D-4F92-8D02-A7C77FC8679B}
	EndGlobalSection
EndGlobal
